// !$*UTF8*$!
{
	archiveVersion = 1;
	classes = {
	};
	objectVersion = 56;
	objects = {

/* Begin PBXBuildFile section */
		7F6C3FDA2903B35C0052D46A /* LandmarksApp.swift in Sources */ = {isa = PBXBuildFile; fileRef = 7F6C3FD92903B35C0052D46A /* LandmarksApp.swift */; };
		7F6C3FDC2903B35C0052D46A /* ContentView.swift in Sources */ = {isa = PBXBuildFile; fileRef = 7F6C3FDB2903B35C0052D46A /* ContentView.swift */; };
		7F6C3FDE2903B35D0052D46A /* Assets.xcassets in Resources */ = {isa = PBXBuildFile; fileRef = 7F6C3FDD2903B35D0052D46A /* Assets.xcassets */; };
		7F6C3FE12903B35D0052D46A /* Preview Assets.xcassets in Resources */ = {isa = PBXBuildFile; fileRef = 7F6C3FE02903B35D0052D46A /* Preview Assets.xcassets */; };
		7F6C3FEB2903B35D0052D46A /* LandmarksTests.swift in Sources */ = {isa = PBXBuildFile; fileRef = 7F6C3FEA2903B35D0052D46A /* LandmarksTests.swift */; };
		7F6C3FF52903B35D0052D46A /* LandmarksUITests.swift in Sources */ = {isa = PBXBuildFile; fileRef = 7F6C3FF42903B35D0052D46A /* LandmarksUITests.swift */; };
		7F6C3FF72903B35D0052D46A /* LandmarksUITestsLaunchTests.swift in Sources */ = {isa = PBXBuildFile; fileRef = 7F6C3FF62903B35D0052D46A /* LandmarksUITestsLaunchTests.swift */; };
		7F6C40042903BB060052D46A /* CircleImage.swift in Sources */ = {isa = PBXBuildFile; fileRef = 7F6C40032903BB060052D46A /* CircleImage.swift */; };
		7F6C40062903BC080052D46A /* MapView.swift in Sources */ = {isa = PBXBuildFile; fileRef = 7F6C40052903BC080052D46A /* MapView.swift */; };
		7F6C40082903C2AA0052D46A /* landmarkData.json in Resources */ = {isa = PBXBuildFile; fileRef = 7F6C40072903C2AA0052D46A /* landmarkData.json */; };
		7F6C400A2903C2D00052D46A /* Landmark.swift in Sources */ = {isa = PBXBuildFile; fileRef = 7F6C40092903C2D00052D46A /* Landmark.swift */; };
		7F6C400C2903C40A0052D46A /* ModelData.swift in Sources */ = {isa = PBXBuildFile; fileRef = 7F6C400B2903C40A0052D46A /* ModelData.swift */; };
		7F6C40112903C5780052D46A /* LandmarkRow.swift in Sources */ = {isa = PBXBuildFile; fileRef = 7F6C40102903C5780052D46A /* LandmarkRow.swift */; };
		7F6C40152903C80B0052D46A /* LandmarkList.swift in Sources */ = {isa = PBXBuildFile; fileRef = 7F6C40142903C80B0052D46A /* LandmarkList.swift */; };
		7F6C40172903C9220052D46A /* LandmarkDetail.swift in Sources */ = {isa = PBXBuildFile; fileRef = 7F6C40162903C9220052D46A /* LandmarkDetail.swift */; };
		7F6C40192903D88F0052D46A /* FavoriteButton.swift in Sources */ = {isa = PBXBuildFile; fileRef = 7F6C40182903D88F0052D46A /* FavoriteButton.swift */; };
		7F6C401E29041C690052D46A /* HexagonParameters.swift in Sources */ = {isa = PBXBuildFile; fileRef = 7F6C401D29041C690052D46A /* HexagonParameters.swift */; };
		7F6C402029041DC20052D46A /* BadgeBackground.swift in Sources */ = {isa = PBXBuildFile; fileRef = 7F6C401F29041DC20052D46A /* BadgeBackground.swift */; };
		7F6C4022290421E60052D46A /* BadgeSymbol.swift in Sources */ = {isa = PBXBuildFile; fileRef = 7F6C4021290421E60052D46A /* BadgeSymbol.swift */; };
		7F6C40242904228C0052D46A /* RotatedBadgeSymbol.swift in Sources */ = {isa = PBXBuildFile; fileRef = 7F6C40232904228C0052D46A /* RotatedBadgeSymbol.swift */; };
		7F6C4026290422FC0052D46A /* Badge.swift in Sources */ = {isa = PBXBuildFile; fileRef = 7F6C4025290422FC0052D46A /* Badge.swift */; };
/* End PBXBuildFile section */

/* Begin PBXContainerItemProxy section */
		7F6C3FE72903B35D0052D46A /* PBXContainerItemProxy */ = {
			isa = PBXContainerItemProxy;
			containerPortal = 7F6C3FCE2903B35C0052D46A /* Project object */;
			proxyType = 1;
			remoteGlobalIDString = 7F6C3FD52903B35C0052D46A;
			remoteInfo = Landmarks;
		};
		7F6C3FF12903B35D0052D46A /* PBXContainerItemProxy */ = {
			isa = PBXContainerItemProxy;
			containerPortal = 7F6C3FCE2903B35C0052D46A /* Project object */;
			proxyType = 1;
			remoteGlobalIDString = 7F6C3FD52903B35C0052D46A;
			remoteInfo = Landmarks;
		};
/* End PBXContainerItemProxy section */

/* Begin PBXFileReference section */
		7F6C3FD62903B35C0052D46A /* Landmarks.app */ = {isa = PBXFileReference; explicitFileType = wrapper.application; includeInIndex = 0; path = Landmarks.app; sourceTree = BUILT_PRODUCTS_DIR; };
		7F6C3FD92903B35C0052D46A /* LandmarksApp.swift */ = {isa = PBXFileReference; lastKnownFileType = sourcecode.swift; path = LandmarksApp.swift; sourceTree = "<group>"; };
		7F6C3FDB2903B35C0052D46A /* ContentView.swift */ = {isa = PBXFileReference; lastKnownFileType = sourcecode.swift; path = ContentView.swift; sourceTree = "<group>"; };
		7F6C3FDD2903B35D0052D46A /* Assets.xcassets */ = {isa = PBXFileReference; lastKnownFileType = folder.assetcatalog; path = Assets.xcassets; sourceTree = "<group>"; };
		7F6C3FE02903B35D0052D46A /* Preview Assets.xcassets */ = {isa = PBXFileReference; lastKnownFileType = folder.assetcatalog; path = "Preview Assets.xcassets"; sourceTree = "<group>"; };
		7F6C3FE62903B35D0052D46A /* LandmarksTests.xctest */ = {isa = PBXFileReference; explicitFileType = wrapper.cfbundle; includeInIndex = 0; path = LandmarksTests.xctest; sourceTree = BUILT_PRODUCTS_DIR; };
		7F6C3FEA2903B35D0052D46A /* LandmarksTests.swift */ = {isa = PBXFileReference; lastKnownFileType = sourcecode.swift; path = LandmarksTests.swift; sourceTree = "<group>"; };
		7F6C3FF02903B35D0052D46A /* LandmarksUITests.xctest */ = {isa = PBXFileReference; explicitFileType = wrapper.cfbundle; includeInIndex = 0; path = LandmarksUITests.xctest; sourceTree = BUILT_PRODUCTS_DIR; };
		7F6C3FF42903B35D0052D46A /* LandmarksUITests.swift */ = {isa = PBXFileReference; lastKnownFileType = sourcecode.swift; path = LandmarksUITests.swift; sourceTree = "<group>"; };
		7F6C3FF62903B35D0052D46A /* LandmarksUITestsLaunchTests.swift */ = {isa = PBXFileReference; lastKnownFileType = sourcecode.swift; path = LandmarksUITestsLaunchTests.swift; sourceTree = "<group>"; };
		7F6C40032903BB060052D46A /* CircleImage.swift */ = {isa = PBXFileReference; lastKnownFileType = sourcecode.swift; path = CircleImage.swift; sourceTree = "<group>"; };
		7F6C40052903BC080052D46A /* MapView.swift */ = {isa = PBXFileReference; lastKnownFileType = sourcecode.swift; path = MapView.swift; sourceTree = "<group>"; };
		7F6C40072903C2AA0052D46A /* landmarkData.json */ = {isa = PBXFileReference; fileEncoding = 4; lastKnownFileType = text.json; path = landmarkData.json; sourceTree = "<group>"; };
		7F6C40092903C2D00052D46A /* Landmark.swift */ = {isa = PBXFileReference; lastKnownFileType = sourcecode.swift; path = Landmark.swift; sourceTree = "<group>"; };
		7F6C400B2903C40A0052D46A /* ModelData.swift */ = {isa = PBXFileReference; lastKnownFileType = sourcecode.swift; path = ModelData.swift; sourceTree = "<group>"; };
		7F6C40102903C5780052D46A /* LandmarkRow.swift */ = {isa = PBXFileReference; lastKnownFileType = sourcecode.swift; path = LandmarkRow.swift; sourceTree = "<group>"; };
		7F6C40142903C80B0052D46A /* LandmarkList.swift */ = {isa = PBXFileReference; lastKnownFileType = sourcecode.swift; path = LandmarkList.swift; sourceTree = "<group>"; };
		7F6C40162903C9220052D46A /* LandmarkDetail.swift */ = {isa = PBXFileReference; lastKnownFileType = sourcecode.swift; path = LandmarkDetail.swift; sourceTree = "<group>"; };
		7F6C40182903D88F0052D46A /* FavoriteButton.swift */ = {isa = PBXFileReference; lastKnownFileType = sourcecode.swift; path = FavoriteButton.swift; sourceTree = "<group>"; };
		7F6C401D29041C690052D46A /* HexagonParameters.swift */ = {isa = PBXFileReference; lastKnownFileType = sourcecode.swift; path = HexagonParameters.swift; sourceTree = "<group>"; };
		7F6C401F29041DC20052D46A /* BadgeBackground.swift */ = {isa = PBXFileReference; lastKnownFileType = sourcecode.swift; path = BadgeBackground.swift; sourceTree = "<group>"; };
		7F6C4021290421E60052D46A /* BadgeSymbol.swift */ = {isa = PBXFileReference; lastKnownFileType = sourcecode.swift; path = BadgeSymbol.swift; sourceTree = "<group>"; };
		7F6C40232904228C0052D46A /* RotatedBadgeSymbol.swift */ = {isa = PBXFileReference; lastKnownFileType = sourcecode.swift; path = RotatedBadgeSymbol.swift; sourceTree = "<group>"; };
		7F6C4025290422FC0052D46A /* Badge.swift */ = {isa = PBXFileReference; lastKnownFileType = sourcecode.swift; path = Badge.swift; sourceTree = "<group>"; };
/* End PBXFileReference section */

/* Begin PBXFrameworksBuildPhase section */
		7F6C3FD32903B35C0052D46A /* Frameworks */ = {
			isa = PBXFrameworksBuildPhase;
			buildActionMask = 2147483647;
			files = (
			);
			runOnlyForDeploymentPostprocessing = 0;
		};
		7F6C3FE32903B35D0052D46A /* Frameworks */ = {
			isa = PBXFrameworksBuildPhase;
			buildActionMask = 2147483647;
			files = (
			);
			runOnlyForDeploymentPostprocessing = 0;
		};
		7F6C3FED2903B35D0052D46A /* Frameworks */ = {
			isa = PBXFrameworksBuildPhase;
			buildActionMask = 2147483647;
			files = (
			);
			runOnlyForDeploymentPostprocessing = 0;
		};
/* End PBXFrameworksBuildPhase section */

/* Begin PBXGroup section */
		7F6C3FCD2903B35C0052D46A = {
			isa = PBXGroup;
			children = (
				7F6C3FD82903B35C0052D46A /* Landmarks */,
				7F6C3FE92903B35D0052D46A /* LandmarksTests */,
				7F6C3FF32903B35D0052D46A /* LandmarksUITests */,
				7F6C3FD72903B35C0052D46A /* Products */,
			);
			sourceTree = "<group>";
		};
		7F6C3FD72903B35C0052D46A /* Products */ = {
			isa = PBXGroup;
			children = (
				7F6C3FD62903B35C0052D46A /* Landmarks.app */,
				7F6C3FE62903B35D0052D46A /* LandmarksTests.xctest */,
				7F6C3FF02903B35D0052D46A /* LandmarksUITests.xctest */,
			);
			name = Products;
			sourceTree = "<group>";
		};
		7F6C3FD82903B35C0052D46A /* Landmarks */ = {
			isa = PBXGroup;
			children = (
				7F6C400F2903C53B0052D46A /* Resources */,
				7F6C400E2903C51F0052D46A /* Model */,
				7F6C3FD92903B35C0052D46A /* LandmarksApp.swift */,
				7F6C3FDD2903B35D0052D46A /* Assets.xcassets */,
				7F6C400D2903C4ED0052D46A /* Views */,
				7F6C3FDF2903B35D0052D46A /* Preview Content */,
			);
			path = Landmarks;
			sourceTree = "<group>";
		};
		7F6C3FDF2903B35D0052D46A /* Preview Content */ = {
			isa = PBXGroup;
			children = (
				7F6C3FE02903B35D0052D46A /* Preview Assets.xcassets */,
			);
			path = "Preview Content";
			sourceTree = "<group>";
		};
		7F6C3FE92903B35D0052D46A /* LandmarksTests */ = {
			isa = PBXGroup;
			children = (
				7F6C3FEA2903B35D0052D46A /* LandmarksTests.swift */,
			);
			path = LandmarksTests;
			sourceTree = "<group>";
		};
		7F6C3FF32903B35D0052D46A /* LandmarksUITests */ = {
			isa = PBXGroup;
			children = (
				7F6C3FF42903B35D0052D46A /* LandmarksUITests.swift */,
				7F6C3FF62903B35D0052D46A /* LandmarksUITestsLaunchTests.swift */,
			);
			path = LandmarksUITests;
			sourceTree = "<group>";
		};
		7F6C400D2903C4ED0052D46A /* Views */ = {
			isa = PBXGroup;
			children = (
				7F6C3FDB2903B35C0052D46A /* ContentView.swift */,
				7F6C401B2903D9300052D46A /* Helpers */,
				7F6C401C2903D97C0052D46A /* Landmarks */,
				7F6C4027290423080052D46A /* Badges */,
			);
			path = Views;
			sourceTree = "<group>";
		};
		7F6C400E2903C51F0052D46A /* Model */ = {
			isa = PBXGroup;
			children = (
				7F6C40092903C2D00052D46A /* Landmark.swift */,
				7F6C400B2903C40A0052D46A /* ModelData.swift */,
			);
			path = Model;
			sourceTree = "<group>";
		};
		7F6C400F2903C53B0052D46A /* Resources */ = {
			isa = PBXGroup;
			children = (
				7F6C40072903C2AA0052D46A /* landmarkData.json */,
			);
			path = Resources;
			sourceTree = "<group>";
		};
		7F6C401B2903D9300052D46A /* Helpers */ = {
			isa = PBXGroup;
			children = (
				7F6C40032903BB060052D46A /* CircleImage.swift */,
				7F6C40052903BC080052D46A /* MapView.swift */,
				7F6C40182903D88F0052D46A /* FavoriteButton.swift */,
			);
			path = Helpers;
			sourceTree = "<group>";
		};
		7F6C401C2903D97C0052D46A /* Landmarks */ = {
			isa = PBXGroup;
			children = (
				7F6C40102903C5780052D46A /* LandmarkRow.swift */,
				7F6C40142903C80B0052D46A /* LandmarkList.swift */,
				7F6C40162903C9220052D46A /* LandmarkDetail.swift */,
			);
			path = Landmarks;
			sourceTree = "<group>";
		};
		7F6C4027290423080052D46A /* Badges */ = {
			isa = PBXGroup;
			children = (
				7F6C401D29041C690052D46A /* HexagonParameters.swift */,
				7F6C401F29041DC20052D46A /* BadgeBackground.swift */,
				7F6C4021290421E60052D46A /* BadgeSymbol.swift */,
				7F6C40232904228C0052D46A /* RotatedBadgeSymbol.swift */,
				7F6C4025290422FC0052D46A /* Badge.swift */,
			);
			path = Badges;
			sourceTree = "<group>";
		};
/* End PBXGroup section */

/* Begin PBXNativeTarget section */
		7F6C3FD52903B35C0052D46A /* Landmarks */ = {
			isa = PBXNativeTarget;
			buildConfigurationList = 7F6C3FFA2903B35D0052D46A /* Build configuration list for PBXNativeTarget "Landmarks" */;
			buildPhases = (
				7F6C3FD22903B35C0052D46A /* Sources */,
				7F6C3FD32903B35C0052D46A /* Frameworks */,
				7F6C3FD42903B35C0052D46A /* Resources */,
			);
			buildRules = (
			);
			dependencies = (
			);
			name = Landmarks;
			productName = Landmarks;
			productReference = 7F6C3FD62903B35C0052D46A /* Landmarks.app */;
			productType = "com.apple.product-type.application";
		};
		7F6C3FE52903B35D0052D46A /* LandmarksTests */ = {
			isa = PBXNativeTarget;
			buildConfigurationList = 7F6C3FFD2903B35D0052D46A /* Build configuration list for PBXNativeTarget "LandmarksTests" */;
			buildPhases = (
				7F6C3FE22903B35D0052D46A /* Sources */,
				7F6C3FE32903B35D0052D46A /* Frameworks */,
				7F6C3FE42903B35D0052D46A /* Resources */,
			);
			buildRules = (
			);
			dependencies = (
				7F6C3FE82903B35D0052D46A /* PBXTargetDependency */,
			);
			name = LandmarksTests;
			productName = LandmarksTests;
			productReference = 7F6C3FE62903B35D0052D46A /* LandmarksTests.xctest */;
			productType = "com.apple.product-type.bundle.unit-test";
		};
		7F6C3FEF2903B35D0052D46A /* LandmarksUITests */ = {
			isa = PBXNativeTarget;
			buildConfigurationList = 7F6C40002903B35D0052D46A /* Build configuration list for PBXNativeTarget "LandmarksUITests" */;
			buildPhases = (
				7F6C3FEC2903B35D0052D46A /* Sources */,
				7F6C3FED2903B35D0052D46A /* Frameworks */,
				7F6C3FEE2903B35D0052D46A /* Resources */,
			);
			buildRules = (
			);
			dependencies = (
				7F6C3FF22903B35D0052D46A /* PBXTargetDependency */,
			);
			name = LandmarksUITests;
			productName = LandmarksUITests;
			productReference = 7F6C3FF02903B35D0052D46A /* LandmarksUITests.xctest */;
			productType = "com.apple.product-type.bundle.ui-testing";
		};
/* End PBXNativeTarget section */

/* Begin PBXProject section */
		7F6C3FCE2903B35C0052D46A /* Project object */ = {
			isa = PBXProject;
			attributes = {
				BuildIndependentTargetsInParallel = 1;
				LastSwiftUpdateCheck = 1400;
				LastUpgradeCheck = 1400;
				TargetAttributes = {
					7F6C3FD52903B35C0052D46A = {
						CreatedOnToolsVersion = 14.0.1;
					};
					7F6C3FE52903B35D0052D46A = {
						CreatedOnToolsVersion = 14.0.1;
						TestTargetID = 7F6C3FD52903B35C0052D46A;
					};
					7F6C3FEF2903B35D0052D46A = {
						CreatedOnToolsVersion = 14.0.1;
						TestTargetID = 7F6C3FD52903B35C0052D46A;
					};
				};
			};
			buildConfigurationList = 7F6C3FD12903B35C0052D46A /* Build configuration list for PBXProject "Landmarks" */;
			compatibilityVersion = "Xcode 14.0";
			developmentRegion = en;
			hasScannedForEncodings = 0;
			knownRegions = (
				en,
				Base,
			);
			mainGroup = 7F6C3FCD2903B35C0052D46A;
			productRefGroup = 7F6C3FD72903B35C0052D46A /* Products */;
			projectDirPath = "";
			projectRoot = "";
			targets = (
				7F6C3FD52903B35C0052D46A /* Landmarks */,
				7F6C3FE52903B35D0052D46A /* LandmarksTests */,
				7F6C3FEF2903B35D0052D46A /* LandmarksUITests */,
			);
		};
/* End PBXProject section */

/* Begin PBXResourcesBuildPhase section */
		7F6C3FD42903B35C0052D46A /* Resources */ = {
			isa = PBXResourcesBuildPhase;
			buildActionMask = 2147483647;
			files = (
				7F6C3FE12903B35D0052D46A /* Preview Assets.xcassets in Resources */,
				7F6C3FDE2903B35D0052D46A /* Assets.xcassets in Resources */,
				7F6C40082903C2AA0052D46A /* landmarkData.json in Resources */,
			);
			runOnlyForDeploymentPostprocessing = 0;
		};
		7F6C3FE42903B35D0052D46A /* Resources */ = {
			isa = PBXResourcesBuildPhase;
			buildActionMask = 2147483647;
			files = (
			);
			runOnlyForDeploymentPostprocessing = 0;
		};
		7F6C3FEE2903B35D0052D46A /* Resources */ = {
			isa = PBXResourcesBuildPhase;
			buildActionMask = 2147483647;
			files = (
			);
			runOnlyForDeploymentPostprocessing = 0;
		};
/* End PBXResourcesBuildPhase section */

/* Begin PBXSourcesBuildPhase section */
		7F6C3FD22903B35C0052D46A /* Sources */ = {
			isa = PBXSourcesBuildPhase;
			buildActionMask = 2147483647;
			files = (
				7F6C3FDC2903B35C0052D46A /* ContentView.swift in Sources */,
				7F6C4026290422FC0052D46A /* Badge.swift in Sources */,
				7F6C40062903BC080052D46A /* MapView.swift in Sources */,
				7F6C3FDA2903B35C0052D46A /* LandmarksApp.swift in Sources */,
				7F6C40192903D88F0052D46A /* FavoriteButton.swift in Sources */,
				7F6C401E29041C690052D46A /* HexagonParameters.swift in Sources */,
				7F6C40242904228C0052D46A /* RotatedBadgeSymbol.swift in Sources */,
				7F6C4022290421E60052D46A /* BadgeSymbol.swift in Sources */,
				7F6C40152903C80B0052D46A /* LandmarkList.swift in Sources */,
				7F6C40172903C9220052D46A /* LandmarkDetail.swift in Sources */,
				7F6C402029041DC20052D46A /* BadgeBackground.swift in Sources */,
				7F6C40042903BB060052D46A /* CircleImage.swift in Sources */,
				7F6C400A2903C2D00052D46A /* Landmark.swift in Sources */,
				7F6C40112903C5780052D46A /* LandmarkRow.swift in Sources */,
				7F6C400C2903C40A0052D46A /* ModelData.swift in Sources */,
			);
			runOnlyForDeploymentPostprocessing = 0;
		};
		7F6C3FE22903B35D0052D46A /* Sources */ = {
			isa = PBXSourcesBuildPhase;
			buildActionMask = 2147483647;
			files = (
				7F6C3FEB2903B35D0052D46A /* LandmarksTests.swift in Sources */,
			);
			runOnlyForDeploymentPostprocessing = 0;
		};
		7F6C3FEC2903B35D0052D46A /* Sources */ = {
			isa = PBXSourcesBuildPhase;
			buildActionMask = 2147483647;
			files = (
				7F6C3FF72903B35D0052D46A /* LandmarksUITestsLaunchTests.swift in Sources */,
				7F6C3FF52903B35D0052D46A /* LandmarksUITests.swift in Sources */,
			);
			runOnlyForDeploymentPostprocessing = 0;
		};
/* End PBXSourcesBuildPhase section */

/* Begin PBXTargetDependency section */
		7F6C3FE82903B35D0052D46A /* PBXTargetDependency */ = {
			isa = PBXTargetDependency;
			target = 7F6C3FD52903B35C0052D46A /* Landmarks */;
			targetProxy = 7F6C3FE72903B35D0052D46A /* PBXContainerItemProxy */;
		};
		7F6C3FF22903B35D0052D46A /* PBXTargetDependency */ = {
			isa = PBXTargetDependency;
			target = 7F6C3FD52903B35C0052D46A /* Landmarks */;
			targetProxy = 7F6C3FF12903B35D0052D46A /* PBXContainerItemProxy */;
		};
/* End PBXTargetDependency section */

/* Begin XCBuildConfiguration section */
		7F6C3FF82903B35D0052D46A /* Debug */ = {
			isa = XCBuildConfiguration;
			buildSettings = {
				ALWAYS_SEARCH_USER_PATHS = NO;
				CLANG_ANALYZER_NONNULL = YES;
				CLANG_ANALYZER_NUMBER_OBJECT_CONVERSION = YES_AGGRESSIVE;
				CLANG_CXX_LANGUAGE_STANDARD = "gnu++20";
				CLANG_ENABLE_MODULES = YES;
				CLANG_ENABLE_OBJC_ARC = YES;
				CLANG_ENABLE_OBJC_WEAK = YES;
				CLANG_WARN_BLOCK_CAPTURE_AUTORELEASING = YES;
				CLANG_WARN_BOOL_CONVERSION = YES;
				CLANG_WARN_COMMA = YES;
				CLANG_WARN_CONSTANT_CONVERSION = YES;
				CLANG_WARN_DEPRECATED_OBJC_IMPLEMENTATIONS = YES;
				CLANG_WARN_DIRECT_OBJC_ISA_USAGE = YES_ERROR;
				CLANG_WARN_DOCUMENTATION_COMMENTS = YES;
				CLANG_WARN_EMPTY_BODY = YES;
				CLANG_WARN_ENUM_CONVERSION = YES;
				CLANG_WARN_INFINITE_RECURSION = YES;
				CLANG_WARN_INT_CONVERSION = YES;
				CLANG_WARN_NON_LITERAL_NULL_CONVERSION = YES;
				CLANG_WARN_OBJC_IMPLICIT_RETAIN_SELF = YES;
				CLANG_WARN_OBJC_LITERAL_CONVERSION = YES;
				CLANG_WARN_OBJC_ROOT_CLASS = YES_ERROR;
				CLANG_WARN_QUOTED_INCLUDE_IN_FRAMEWORK_HEADER = YES;
				CLANG_WARN_RANGE_LOOP_ANALYSIS = YES;
				CLANG_WARN_STRICT_PROTOTYPES = YES;
				CLANG_WARN_SUSPICIOUS_MOVE = YES;
				CLANG_WARN_UNGUARDED_AVAILABILITY = YES_AGGRESSIVE;
				CLANG_WARN_UNREACHABLE_CODE = YES;
				CLANG_WARN__DUPLICATE_METHOD_MATCH = YES;
				COPY_PHASE_STRIP = NO;
				DEBUG_INFORMATION_FORMAT = dwarf;
				ENABLE_STRICT_OBJC_MSGSEND = YES;
				ENABLE_TESTABILITY = YES;
				GCC_C_LANGUAGE_STANDARD = gnu11;
				GCC_DYNAMIC_NO_PIC = NO;
				GCC_NO_COMMON_BLOCKS = YES;
				GCC_OPTIMIZATION_LEVEL = 0;
				GCC_PREPROCESSOR_DEFINITIONS = (
					"DEBUG=1",
					"$(inherited)",
				);
				GCC_WARN_64_TO_32_BIT_CONVERSION = YES;
				GCC_WARN_ABOUT_RETURN_TYPE = YES_ERROR;
				GCC_WARN_UNDECLARED_SELECTOR = YES;
				GCC_WARN_UNINITIALIZED_AUTOS = YES_AGGRESSIVE;
				GCC_WARN_UNUSED_FUNCTION = YES;
				GCC_WARN_UNUSED_VARIABLE = YES;
				IPHONEOS_DEPLOYMENT_TARGET = 16.0;
				MTL_ENABLE_DEBUG_INFO = INCLUDE_SOURCE;
				MTL_FAST_MATH = YES;
				ONLY_ACTIVE_ARCH = YES;
				SDKROOT = iphoneos;
				SWIFT_ACTIVE_COMPILATION_CONDITIONS = DEBUG;
				SWIFT_OPTIMIZATION_LEVEL = "-Onone";
			};
			name = Debug;
		};
		7F6C3FF92903B35D0052D46A /* Release */ = {
			isa = XCBuildConfiguration;
			buildSettings = {
				ALWAYS_SEARCH_USER_PATHS = NO;
				CLANG_ANALYZER_NONNULL = YES;
				CLANG_ANALYZER_NUMBER_OBJECT_CONVERSION = YES_AGGRESSIVE;
				CLANG_CXX_LANGUAGE_STANDARD = "gnu++20";
				CLANG_ENABLE_MODULES = YES;
				CLANG_ENABLE_OBJC_ARC = YES;
				CLANG_ENABLE_OBJC_WEAK = YES;
				CLANG_WARN_BLOCK_CAPTURE_AUTORELEASING = YES;
				CLANG_WARN_BOOL_CONVERSION = YES;
				CLANG_WARN_COMMA = YES;
				CLANG_WARN_CONSTANT_CONVERSION = YES;
				CLANG_WARN_DEPRECATED_OBJC_IMPLEMENTATIONS = YES;
				CLANG_WARN_DIRECT_OBJC_ISA_USAGE = YES_ERROR;
				CLANG_WARN_DOCUMENTATION_COMMENTS = YES;
				CLANG_WARN_EMPTY_BODY = YES;
				CLANG_WARN_ENUM_CONVERSION = YES;
				CLANG_WARN_INFINITE_RECURSION = YES;
				CLANG_WARN_INT_CONVERSION = YES;
				CLANG_WARN_NON_LITERAL_NULL_CONVERSION = YES;
				CLANG_WARN_OBJC_IMPLICIT_RETAIN_SELF = YES;
				CLANG_WARN_OBJC_LITERAL_CONVERSION = YES;
				CLANG_WARN_OBJC_ROOT_CLASS = YES_ERROR;
				CLANG_WARN_QUOTED_INCLUDE_IN_FRAMEWORK_HEADER = YES;
				CLANG_WARN_RANGE_LOOP_ANALYSIS = YES;
				CLANG_WARN_STRICT_PROTOTYPES = YES;
				CLANG_WARN_SUSPICIOUS_MOVE = YES;
				CLANG_WARN_UNGUARDED_AVAILABILITY = YES_AGGRESSIVE;
				CLANG_WARN_UNREACHABLE_CODE = YES;
				CLANG_WARN__DUPLICATE_METHOD_MATCH = YES;
				COPY_PHASE_STRIP = NO;
				DEBUG_INFORMATION_FORMAT = "dwarf-with-dsym";
				ENABLE_NS_ASSERTIONS = NO;
				ENABLE_STRICT_OBJC_MSGSEND = YES;
				GCC_C_LANGUAGE_STANDARD = gnu11;
				GCC_NO_COMMON_BLOCKS = YES;
				GCC_WARN_64_TO_32_BIT_CONVERSION = YES;
				GCC_WARN_ABOUT_RETURN_TYPE = YES_ERROR;
				GCC_WARN_UNDECLARED_SELECTOR = YES;
				GCC_WARN_UNINITIALIZED_AUTOS = YES_AGGRESSIVE;
				GCC_WARN_UNUSED_FUNCTION = YES;
				GCC_WARN_UNUSED_VARIABLE = YES;
				IPHONEOS_DEPLOYMENT_TARGET = 16.0;
				MTL_ENABLE_DEBUG_INFO = NO;
				MTL_FAST_MATH = YES;
				SDKROOT = iphoneos;
				SWIFT_COMPILATION_MODE = wholemodule;
				SWIFT_OPTIMIZATION_LEVEL = "-O";
				VALIDATE_PRODUCT = YES;
			};
			name = Release;
		};
		7F6C3FFB2903B35D0052D46A /* Debug */ = {
			isa = XCBuildConfiguration;
			buildSettings = {
				ASSETCATALOG_COMPILER_APPICON_NAME = AppIcon;
				ASSETCATALOG_COMPILER_GLOBAL_ACCENT_COLOR_NAME = AccentColor;
				CODE_SIGN_STYLE = Automatic;
				CURRENT_PROJECT_VERSION = 1;
				DEVELOPMENT_ASSET_PATHS = "\"Landmarks/Preview Content\"";
				DEVELOPMENT_TEAM = 3ZFG5462FK;
				ENABLE_PREVIEWS = YES;
				GENERATE_INFOPLIST_FILE = YES;
				INFOPLIST_KEY_UIApplicationSceneManifest_Generation = YES;
				INFOPLIST_KEY_UIApplicationSupportsIndirectInputEvents = YES;
				INFOPLIST_KEY_UILaunchScreen_Generation = YES;
				INFOPLIST_KEY_UISupportedInterfaceOrientations_iPad = "UIInterfaceOrientationPortrait UIInterfaceOrientationPortraitUpsideDown UIInterfaceOrientationLandscapeLeft UIInterfaceOrientationLandscapeRight";
				INFOPLIST_KEY_UISupportedInterfaceOrientations_iPhone = "UIInterfaceOrientationPortrait UIInterfaceOrientationLandscapeLeft UIInterfaceOrientationLandscapeRight";
				LD_RUNPATH_SEARCH_PATHS = (
					"$(inherited)",
					"@executable_path/Frameworks",
				);
				MARKETING_VERSION = 1.0;
				PRODUCT_BUNDLE_IDENTIFIER = "com.example.apple-samplecode.Landmarks";
				PRODUCT_NAME = "$(TARGET_NAME)";
				SWIFT_EMIT_LOC_STRINGS = YES;
				SWIFT_VERSION = 5.0;
				TARGETED_DEVICE_FAMILY = "1,2";
			};
			name = Debug;
		};
		7F6C3FFC2903B35D0052D46A /* Release */ = {
			isa = XCBuildConfiguration;
			buildSettings = {
				ASSETCATALOG_COMPILER_APPICON_NAME = AppIcon;
				ASSETCATALOG_COMPILER_GLOBAL_ACCENT_COLOR_NAME = AccentColor;
				CODE_SIGN_STYLE = Automatic;
				CURRENT_PROJECT_VERSION = 1;
				DEVELOPMENT_ASSET_PATHS = "\"Landmarks/Preview Content\"";
				DEVELOPMENT_TEAM = 3ZFG5462FK;
				ENABLE_PREVIEWS = YES;
				GENERATE_INFOPLIST_FILE = YES;
				INFOPLIST_KEY_UIApplicationSceneManifest_Generation = YES;
				INFOPLIST_KEY_UIApplicationSupportsIndirectInputEvents = YES;
				INFOPLIST_KEY_UILaunchScreen_Generation = YES;
				INFOPLIST_KEY_UISupportedInterfaceOrientations_iPad = "UIInterfaceOrientationPortrait UIInterfaceOrientationPortraitUpsideDown UIInterfaceOrientationLandscapeLeft UIInterfaceOrientationLandscapeRight";
				INFOPLIST_KEY_UISupportedInterfaceOrientations_iPhone = "UIInterfaceOrientationPortrait UIInterfaceOrientationLandscapeLeft UIInterfaceOrientationLandscapeRight";
				LD_RUNPATH_SEARCH_PATHS = (
					"$(inherited)",
					"@executable_path/Frameworks",
				);
				MARKETING_VERSION = 1.0;
				PRODUCT_BUNDLE_IDENTIFIER = "com.example.apple-samplecode.Landmarks";
				PRODUCT_NAME = "$(TARGET_NAME)";
				SWIFT_EMIT_LOC_STRINGS = YES;
				SWIFT_VERSION = 5.0;
				TARGETED_DEVICE_FAMILY = "1,2";
			};
			name = Release;
		};
		7F6C3FFE2903B35D0052D46A /* Debug */ = {
			isa = XCBuildConfiguration;
			buildSettings = {
				ALWAYS_EMBED_SWIFT_STANDARD_LIBRARIES = YES;
				BUNDLE_LOADER = "$(TEST_HOST)";
				CODE_SIGN_STYLE = Automatic;
				CURRENT_PROJECT_VERSION = 1;
				DEVELOPMENT_TEAM = 3ZFG5462FK;
				GENERATE_INFOPLIST_FILE = YES;
				IPHONEOS_DEPLOYMENT_TARGET = 16.0;
				MARKETING_VERSION = 1.0;
				PRODUCT_BUNDLE_IDENTIFIER = "com.example.apple-samplecode.LandmarksTests";
				PRODUCT_NAME = "$(TARGET_NAME)";
				SWIFT_EMIT_LOC_STRINGS = NO;
				SWIFT_VERSION = 5.0;
				TARGETED_DEVICE_FAMILY = "1,2";
				TEST_HOST = "$(BUILT_PRODUCTS_DIR)/Landmarks.app/$(BUNDLE_EXECUTABLE_FOLDER_PATH)/Landmarks";
			};
			name = Debug;
		};
		7F6C3FFF2903B35D0052D46A /* Release */ = {
			isa = XCBuildConfiguration;
			buildSettings = {
				ALWAYS_EMBED_SWIFT_STANDARD_LIBRARIES = YES;
				BUNDLE_LOADER = "$(TEST_HOST)";
				CODE_SIGN_STYLE = Automatic;
				CURRENT_PROJECT_VERSION = 1;
				DEVELOPMENT_TEAM = 3ZFG5462FK;
				GENERATE_INFOPLIST_FILE = YES;
				IPHONEOS_DEPLOYMENT_TARGET = 16.0;
				MARKETING_VERSION = 1.0;
				PRODUCT_BUNDLE_IDENTIFIER = "com.example.apple-samplecode.LandmarksTests";
				PRODUCT_NAME = "$(TARGET_NAME)";
				SWIFT_EMIT_LOC_STRINGS = NO;
				SWIFT_VERSION = 5.0;
				TARGETED_DEVICE_FAMILY = "1,2";
				TEST_HOST = "$(BUILT_PRODUCTS_DIR)/Landmarks.app/$(BUNDLE_EXECUTABLE_FOLDER_PATH)/Landmarks";
			};
			name = Release;
		};
		7F6C40012903B35D0052D46A /* Debug */ = {
			isa = XCBuildConfiguration;
			buildSettings = {
				ALWAYS_EMBED_SWIFT_STANDARD_LIBRARIES = YES;
				CODE_SIGN_STYLE = Automatic;
				CURRENT_PROJECT_VERSION = 1;
				DEVELOPMENT_TEAM = 3ZFG5462FK;
				GENERATE_INFOPLIST_FILE = YES;
				MARKETING_VERSION = 1.0;
				PRODUCT_BUNDLE_IDENTIFIER = "com.example.apple-samplecode.LandmarksUITests";
				PRODUCT_NAME = "$(TARGET_NAME)";
				SWIFT_EMIT_LOC_STRINGS = NO;
				SWIFT_VERSION = 5.0;
				TARGETED_DEVICE_FAMILY = "1,2";
				TEST_TARGET_NAME = Landmarks;
			};
			name = Debug;
		};
		7F6C40022903B35D0052D46A /* Release */ = {
			isa = XCBuildConfiguration;
			buildSettings = {
				ALWAYS_EMBED_SWIFT_STANDARD_LIBRARIES = YES;
				CODE_SIGN_STYLE = Automatic;
				CURRENT_PROJECT_VERSION = 1;
				DEVELOPMENT_TEAM = 3ZFG5462FK;
				GENERATE_INFOPLIST_FILE = YES;
				MARKETING_VERSION = 1.0;
				PRODUCT_BUNDLE_IDENTIFIER = "com.example.apple-samplecode.LandmarksUITests";
				PRODUCT_NAME = "$(TARGET_NAME)";
				SWIFT_EMIT_LOC_STRINGS = NO;
				SWIFT_VERSION = 5.0;
				TARGETED_DEVICE_FAMILY = "1,2";
				TEST_TARGET_NAME = Landmarks;
			};
			name = Release;
		};
/* End XCBuildConfiguration section */

/* Begin XCConfigurationList section */
		7F6C3FD12903B35C0052D46A /* Build configuration list for PBXProject "Landmarks" */ = {
			isa = XCConfigurationList;
			buildConfigurations = (
				7F6C3FF82903B35D0052D46A /* Debug */,
				7F6C3FF92903B35D0052D46A /* Release */,
			);
			defaultConfigurationIsVisible = 0;
			defaultConfigurationName = Release;
		};
		7F6C3FFA2903B35D0052D46A /* Build configuration list for PBXNativeTarget "Landmarks" */ = {
			isa = XCConfigurationList;
			buildConfigurations = (
				7F6C3FFB2903B35D0052D46A /* Debug */,
				7F6C3FFC2903B35D0052D46A /* Release */,
			);
			defaultConfigurationIsVisible = 0;
			defaultConfigurationName = Release;
		};
		7F6C3FFD2903B35D0052D46A /* Build configuration list for PBXNativeTarget "LandmarksTests" */ = {
			isa = XCConfigurationList;
			buildConfigurations = (
				7F6C3FFE2903B35D0052D46A /* Debug */,
				7F6C3FFF2903B35D0052D46A /* Release */,
			);
			defaultConfigurationIsVisible = 0;
			defaultConfigurationName = Release;
		};
		7F6C40002903B35D0052D46A /* Build configuration list for PBXNativeTarget "LandmarksUITests" */ = {
			isa = XCConfigurationList;
			buildConfigurations = (
				7F6C40012903B35D0052D46A /* Debug */,
				7F6C40022903B35D0052D46A /* Release */,
			);
			defaultConfigurationIsVisible = 0;
			defaultConfigurationName = Release;
		};
/* End XCConfigurationList section */
	};
	rootObject = 7F6C3FCE2903B35C0052D46A /* Project object */;
}
